{
  "name": "hub-3a-payment-encoder",
  "version": "1.0.0",
  "lockfileVersion": 2,
  "requires": true,
  "packages": {
    "": {
      "name": "hub-3a-payment-encoder",
      "version": "1.0.0",
      "license": "LGPL-3.0-or-later",
      "dependencies": {
        "ibantools": "^4.1.3"
      }
    },
    "node_modules/ibantools": {
      "version": "4.1.3",
      "resolved": "https://registry.npmjs.org/ibantools/-/ibantools-4.1.3.tgz",
      "integrity": "sha512-gX4UtUw/lW2mmXow2V/iFzL0BRkER8dp3OvnSYAIEtyaVizE4h0QqkbP79yR4JVanfyH3lJxj6qylnsHqyfPaQ=="
    }
  },
  "dependencies": {
    "ibantools": {
      "version": "4.1.3",
      "resolved": "https://registry.npmjs.org/ibantools/-/ibantools-4.1.3.tgz",
      "integrity": "sha512-gX4UtUw/lW2mmXow2V/iFzL0BRkER8dp3OvnSYAIEtyaVizE4h0QqkbP79yR4JVanfyH3lJxj6qylnsHqyfPaQ=="
    }
  }
}
